
Microsoft Visual Studio Solution File, Format Version 12.00
# Visual Studio Version 17
VisualStudioVersion = 17.3.32901.215
MinimumVisualStudioVersion = 10.0.40219.1
Project("{9A19103F-16F7-4668-BE54-9A1E7A4F7556}") = "1. Diagonal Difference", "1. Diagonal Difference\1. Diagonal Difference.csproj", "{D14AB243-85F7-48A4-8952-0ED2C434C9F2}"
EndProject
Project("{9A19103F-16F7-4668-BE54-9A1E7A4F7556}") = "2. Squares in Matrix", "2. Squares in Matrix\2. Squares in Matrix.csproj", "{278F669F-D11F-459C-8D28-D34F669AE4DE}"
EndProject
Project("{9A19103F-16F7-4668-BE54-9A1E7A4F7556}") = "3. Maximal Sum", "3. Maximal Sum\3. Maximal Sum.csproj", "{F5CC4D7B-6F91-4ADF-9E05-9DF8DB2B2353}"
EndProject
Project("{9A19103F-16F7-4668-BE54-9A1E7A4F7556}") = "4. Matrix Shuffling", "4. Matrix Shuffling\4. Matrix Shuffling.csproj", "{71717D43-9CC9-43B1-ADD6-62933C702E67}"
EndProject
Project("{9A19103F-16F7-4668-BE54-9A1E7A4F7556}") = "5. Snake Moves", "5. Snake Moves\5. Snake Moves.csproj", "{D8DC261D-B1A8-4089-93E1-BC7A0BA6704B}"
EndProject
Project("{9A19103F-16F7-4668-BE54-9A1E7A4F7556}") = "6. Jagged Array Manipulator", "6. Jagged Array Manipulator\6. Jagged Array Manipulator.csproj", "{0D1E05AF-98DC-4B17-AF9F-887264E1F4D7}"
EndProject
Project("{FAE04EC0-301F-11D3-BF4B-00C04F79EFBC}") = "7. Knight Game", "7. Knight Game\7. Knight Game.csproj", "{9DC14919-D3DF-4924-92BC-D427F9C41DED}"
EndProject
Global
	GlobalSection(SolutionConfigurationPlatforms) = preSolution
		Debug|Any CPU = Debug|Any CPU
		Release|Any CPU = Release|Any CPU
	EndGlobalSection
	GlobalSection(ProjectConfigurationPlatforms) = postSolution
		{D14AB243-85F7-48A4-8952-0ED2C434C9F2}.Debug|Any CPU.ActiveCfg = Debug|Any CPU
		{D14AB243-85F7-48A4-8952-0ED2C434C9F2}.Debug|Any CPU.Build.0 = Debug|Any CPU
		{D14AB243-85F7-48A4-8952-0ED2C434C9F2}.Release|Any CPU.ActiveCfg = Release|Any CPU
		{D14AB243-85F7-48A4-8952-0ED2C434C9F2}.Release|Any CPU.Build.0 = Release|Any CPU
		{278F669F-D11F-459C-8D28-D34F669AE4DE}.Debug|Any CPU.ActiveCfg = Debug|Any CPU
		{278F669F-D11F-459C-8D28-D34F669AE4DE}.Debug|Any CPU.Build.0 = Debug|Any CPU
		{278F669F-D11F-459C-8D28-D34F669AE4DE}.Release|Any CPU.ActiveCfg = Release|Any CPU
		{278F669F-D11F-459C-8D28-D34F669AE4DE}.Release|Any CPU.Build.0 = Release|Any CPU
		{F5CC4D7B-6F91-4ADF-9E05-9DF8DB2B2353}.Debug|Any CPU.ActiveCfg = Debug|Any CPU
		{F5CC4D7B-6F91-4ADF-9E05-9DF8DB2B2353}.Debug|Any CPU.Build.0 = Debug|Any CPU
		{F5CC4D7B-6F91-4ADF-9E05-9DF8DB2B2353}.Release|Any CPU.ActiveCfg = Release|Any CPU
		{F5CC4D7B-6F91-4ADF-9E05-9DF8DB2B2353}.Release|Any CPU.Build.0 = Release|Any CPU
		{71717D43-9CC9-43B1-ADD6-62933C702E67}.Debug|Any CPU.ActiveCfg = Debug|Any CPU
		{71717D43-9CC9-43B1-ADD6-62933C702E67}.Debug|Any CPU.Build.0 = Debug|Any CPU
		{71717D43-9CC9-43B1-ADD6-62933C702E67}.Release|Any CPU.ActiveCfg = Release|Any CPU
		{71717D43-9CC9-43B1-ADD6-62933C702E67}.Release|Any CPU.Build.0 = Release|Any CPU
		{D8DC261D-B1A8-4089-93E1-BC7A0BA6704B}.Debug|Any CPU.ActiveCfg = Debug|Any CPU
		{D8DC261D-B1A8-4089-93E1-BC7A0BA6704B}.Debug|Any CPU.Build.0 = Debug|Any CPU
		{D8DC261D-B1A8-4089-93E1-BC7A0BA6704B}.Release|Any CPU.ActiveCfg = Release|Any CPU
		{D8DC261D-B1A8-4089-93E1-BC7A0BA6704B}.Release|Any CPU.Build.0 = Release|Any CPU
		{0D1E05AF-98DC-4B17-AF9F-887264E1F4D7}.Debug|Any CPU.ActiveCfg = Debug|Any CPU
		{0D1E05AF-98DC-4B17-AF9F-887264E1F4D7}.Debug|Any CPU.Build.0 = Debug|Any CPU
		{0D1E05AF-98DC-4B17-AF9F-887264E1F4D7}.Release|Any CPU.ActiveCfg = Release|Any CPU
		{0D1E05AF-98DC-4B17-AF9F-887264E1F4D7}.Release|Any CPU.Build.0 = Release|Any CPU
		{9DC14919-D3DF-4924-92BC-D427F9C41DED}.Debug|Any CPU.ActiveCfg = Debug|Any CPU
		{9DC14919-D3DF-4924-92BC-D427F9C41DED}.Debug|Any CPU.Build.0 = Debug|Any CPU
		{9DC14919-D3DF-4924-92BC-D427F9C41DED}.Release|Any CPU.ActiveCfg = Release|Any CPU
		{9DC14919-D3DF-4924-92BC-D427F9C41DED}.Release|Any CPU.Build.0 = Release|Any CPU
	EndGlobalSection
	GlobalSection(SolutionProperties) = preSolution
		HideSolutionNode = FALSE
	EndGlobalSection
	GlobalSection(ExtensibilityGlobals) = postSolution
		SolutionGuid = {E5E19308-6454-4627-BB64-785E51AD6252}
	EndGlobalSection
EndGlobal
