
Microsoft Visual Studio Solution File, Format Version 12.00
# Visual Studio Version 17
VisualStudioVersion = 17.3.32901.215
MinimumVisualStudioVersion = 10.0.40219.1
Project("{FAE04EC0-301F-11D3-BF4B-00C04F79EFBC}") = "01. Basic Stack Operations", "01. Basic Stack Operations\01. Basic Stack Operations.csproj", "{5B86E841-E8D5-4BB4-9646-135A39BEAC89}"
EndProject
Project("{FAE04EC0-301F-11D3-BF4B-00C04F79EFBC}") = "02. Basic Queue Operations", "02. Basic Queue Operations\02. Basic Queue Operations.csproj", "{8C5589CA-0189-4E03-B808-E2FF11D3D273}"
EndProject
Project("{FAE04EC0-301F-11D3-BF4B-00C04F79EFBC}") = "03. Maximum and Minimum Element", "03. Maximum and Minimum Element\03. Maximum and Minimum Element.csproj", "{793BB2E8-A7E4-45AB-841F-188452E838B3}"
EndProject
Project("{FAE04EC0-301F-11D3-BF4B-00C04F79EFBC}") = "04. Fast Food", "04. Fast Food\04. Fast Food.csproj", "{E18289D7-6C84-446A-90D3-DBF786357FC3}"
EndProject
Project("{FAE04EC0-301F-11D3-BF4B-00C04F79EFBC}") = "05. Fashion Boutique", "05. Fashion Boutique\05. Fashion Boutique.csproj", "{D9F014C7-50CB-4EBD-A7CF-B22A2484B3C0}"
EndProject
Project("{FAE04EC0-301F-11D3-BF4B-00C04F79EFBC}") = "06. Songs Queue", "06. Songs Queue\06. Songs Queue.csproj", "{94A7CB83-208D-49A5-9F91-9EB85DA035EF}"
EndProject
Global
	GlobalSection(SolutionConfigurationPlatforms) = preSolution
		Debug|Any CPU = Debug|Any CPU
		Release|Any CPU = Release|Any CPU
	EndGlobalSection
	GlobalSection(ProjectConfigurationPlatforms) = postSolution
		{5B86E841-E8D5-4BB4-9646-135A39BEAC89}.Debug|Any CPU.ActiveCfg = Debug|Any CPU
		{5B86E841-E8D5-4BB4-9646-135A39BEAC89}.Debug|Any CPU.Build.0 = Debug|Any CPU
		{5B86E841-E8D5-4BB4-9646-135A39BEAC89}.Release|Any CPU.ActiveCfg = Release|Any CPU
		{5B86E841-E8D5-4BB4-9646-135A39BEAC89}.Release|Any CPU.Build.0 = Release|Any CPU
		{8C5589CA-0189-4E03-B808-E2FF11D3D273}.Debug|Any CPU.ActiveCfg = Debug|Any CPU
		{8C5589CA-0189-4E03-B808-E2FF11D3D273}.Debug|Any CPU.Build.0 = Debug|Any CPU
		{8C5589CA-0189-4E03-B808-E2FF11D3D273}.Release|Any CPU.ActiveCfg = Release|Any CPU
		{8C5589CA-0189-4E03-B808-E2FF11D3D273}.Release|Any CPU.Build.0 = Release|Any CPU
		{793BB2E8-A7E4-45AB-841F-188452E838B3}.Debug|Any CPU.ActiveCfg = Debug|Any CPU
		{793BB2E8-A7E4-45AB-841F-188452E838B3}.Debug|Any CPU.Build.0 = Debug|Any CPU
		{793BB2E8-A7E4-45AB-841F-188452E838B3}.Release|Any CPU.ActiveCfg = Release|Any CPU
		{793BB2E8-A7E4-45AB-841F-188452E838B3}.Release|Any CPU.Build.0 = Release|Any CPU
		{E18289D7-6C84-446A-90D3-DBF786357FC3}.Debug|Any CPU.ActiveCfg = Debug|Any CPU
		{E18289D7-6C84-446A-90D3-DBF786357FC3}.Debug|Any CPU.Build.0 = Debug|Any CPU
		{E18289D7-6C84-446A-90D3-DBF786357FC3}.Release|Any CPU.ActiveCfg = Release|Any CPU
		{E18289D7-6C84-446A-90D3-DBF786357FC3}.Release|Any CPU.Build.0 = Release|Any CPU
		{D9F014C7-50CB-4EBD-A7CF-B22A2484B3C0}.Debug|Any CPU.ActiveCfg = Debug|Any CPU
		{D9F014C7-50CB-4EBD-A7CF-B22A2484B3C0}.Debug|Any CPU.Build.0 = Debug|Any CPU
		{D9F014C7-50CB-4EBD-A7CF-B22A2484B3C0}.Release|Any CPU.ActiveCfg = Release|Any CPU
		{D9F014C7-50CB-4EBD-A7CF-B22A2484B3C0}.Release|Any CPU.Build.0 = Release|Any CPU
		{94A7CB83-208D-49A5-9F91-9EB85DA035EF}.Debug|Any CPU.ActiveCfg = Debug|Any CPU
		{94A7CB83-208D-49A5-9F91-9EB85DA035EF}.Debug|Any CPU.Build.0 = Debug|Any CPU
		{94A7CB83-208D-49A5-9F91-9EB85DA035EF}.Release|Any CPU.ActiveCfg = Release|Any CPU
		{94A7CB83-208D-49A5-9F91-9EB85DA035EF}.Release|Any CPU.Build.0 = Release|Any CPU
	EndGlobalSection
	GlobalSection(SolutionProperties) = preSolution
		HideSolutionNode = FALSE
	EndGlobalSection
	GlobalSection(ExtensibilityGlobals) = postSolution
		SolutionGuid = {7A2542E5-B96B-496E-8AEC-808118633D8C}
	EndGlobalSection
EndGlobal
