
Microsoft Visual Studio Solution File, Format Version 12.00
# Visual Studio Version 17
VisualStudioVersion = 17.3.32901.215
MinimumVisualStudioVersion = 10.0.40219.1
Project("{FAE04EC0-301F-11D3-BF4B-00C04F79EFBC}") = "01. Furniture", "01. Furniture\01. Furniture.csproj", "{39DBB374-1CA4-48DF-AA7A-E782EEA1D37E}"
EndProject
Project("{FAE04EC0-301F-11D3-BF4B-00C04F79EFBC}") = "2. Race", "2. Race\2. Race.csproj", "{3E21EB90-3C54-45AB-8BF1-980A5745FD58}"
EndProject
Project("{2150E333-8FDC-42A3-9474-1A3956D46DE8}") = "Solution Items", "Solution Items", "{3838F20C-0281-4259-810F-83AE8A0B81BD}"
	ProjectSection(SolutionItems) = preProject
		.editorconfig = .editorconfig
	EndProjectSection
EndProject
Project("{FAE04EC0-301F-11D3-BF4B-00C04F79EFBC}") = "03. SoftUni Bar Income", "03. SoftUni Bar Income\03. SoftUni Bar Income.csproj", "{1ED3C2D3-9989-4F19-97A5-CCE948B808AD}"
EndProject
Global
	GlobalSection(SolutionConfigurationPlatforms) = preSolution
		Debug|Any CPU = Debug|Any CPU
		Release|Any CPU = Release|Any CPU
	EndGlobalSection
	GlobalSection(ProjectConfigurationPlatforms) = postSolution
		{39DBB374-1CA4-48DF-AA7A-E782EEA1D37E}.Debug|Any CPU.ActiveCfg = Debug|Any CPU
		{39DBB374-1CA4-48DF-AA7A-E782EEA1D37E}.Debug|Any CPU.Build.0 = Debug|Any CPU
		{39DBB374-1CA4-48DF-AA7A-E782EEA1D37E}.Release|Any CPU.ActiveCfg = Release|Any CPU
		{39DBB374-1CA4-48DF-AA7A-E782EEA1D37E}.Release|Any CPU.Build.0 = Release|Any CPU
		{3E21EB90-3C54-45AB-8BF1-980A5745FD58}.Debug|Any CPU.ActiveCfg = Debug|Any CPU
		{3E21EB90-3C54-45AB-8BF1-980A5745FD58}.Debug|Any CPU.Build.0 = Debug|Any CPU
		{3E21EB90-3C54-45AB-8BF1-980A5745FD58}.Release|Any CPU.ActiveCfg = Release|Any CPU
		{3E21EB90-3C54-45AB-8BF1-980A5745FD58}.Release|Any CPU.Build.0 = Release|Any CPU
		{1ED3C2D3-9989-4F19-97A5-CCE948B808AD}.Debug|Any CPU.ActiveCfg = Debug|Any CPU
		{1ED3C2D3-9989-4F19-97A5-CCE948B808AD}.Debug|Any CPU.Build.0 = Debug|Any CPU
		{1ED3C2D3-9989-4F19-97A5-CCE948B808AD}.Release|Any CPU.ActiveCfg = Release|Any CPU
		{1ED3C2D3-9989-4F19-97A5-CCE948B808AD}.Release|Any CPU.Build.0 = Release|Any CPU
	EndGlobalSection
	GlobalSection(SolutionProperties) = preSolution
		HideSolutionNode = FALSE
	EndGlobalSection
	GlobalSection(ExtensibilityGlobals) = postSolution
		SolutionGuid = {C8F4CCBD-A611-49E8-8E89-0722E7A00A70}
	EndGlobalSection
EndGlobal
