
Microsoft Visual Studio Solution File, Format Version 12.00
# Visual Studio Version 17
VisualStudioVersion = 17.5.33516.290
MinimumVisualStudioVersion = 10.0.40219.1
Project("{FAE04EC0-301F-11D3-BF4B-00C04F79EFBC}") = "01.CommandPattern", "01.CommandPattern\01.CommandPattern.csproj", "{F18E5561-16DF-4565-B380-88645F2F5153}"
EndProject
Project("{FAE04EC0-301F-11D3-BF4B-00C04F79EFBC}") = "02.ValidationAttributes", "02.ValidationAttributes\02.ValidationAttributes.csproj", "{49853A70-0CCE-4050-913F-D9C41071A3CF}"
EndProject
Global
	GlobalSection(SolutionConfigurationPlatforms) = preSolution
		Debug|Any CPU = Debug|Any CPU
		Release|Any CPU = Release|Any CPU
	EndGlobalSection
	GlobalSection(ProjectConfigurationPlatforms) = postSolution
		{F18E5561-16DF-4565-B380-88645F2F5153}.Debug|Any CPU.ActiveCfg = Debug|Any CPU
		{F18E5561-16DF-4565-B380-88645F2F5153}.Debug|Any CPU.Build.0 = Debug|Any CPU
		{F18E5561-16DF-4565-B380-88645F2F5153}.Release|Any CPU.ActiveCfg = Release|Any CPU
		{F18E5561-16DF-4565-B380-88645F2F5153}.Release|Any CPU.Build.0 = Release|Any CPU
		{49853A70-0CCE-4050-913F-D9C41071A3CF}.Debug|Any CPU.ActiveCfg = Debug|Any CPU
		{49853A70-0CCE-4050-913F-D9C41071A3CF}.Debug|Any CPU.Build.0 = Debug|Any CPU
		{49853A70-0CCE-4050-913F-D9C41071A3CF}.Release|Any CPU.ActiveCfg = Release|Any CPU
		{49853A70-0CCE-4050-913F-D9C41071A3CF}.Release|Any CPU.Build.0 = Release|Any CPU
	EndGlobalSection
	GlobalSection(SolutionProperties) = preSolution
		HideSolutionNode = FALSE
	EndGlobalSection
	GlobalSection(ExtensibilityGlobals) = postSolution
		SolutionGuid = {B69DEB4E-F992-41DB-B888-EC6979F7BC9C}
	EndGlobalSection
EndGlobal
