
Microsoft Visual Studio Solution File, Format Version 12.00
# Visual Studio Version 17
VisualStudioVersion = 17.3.32901.215
MinimumVisualStudioVersion = 10.0.40219.1
Project("{9A19103F-16F7-4668-BE54-9A1E7A4F7556}") = "01.Excursion", "01. Excursion\01.Excursion.csproj", "{511615B8-5999-4510-9634-F76046DB2715}"
EndProject
Project("{9A19103F-16F7-4668-BE54-9A1E7A4F7556}") = "02.Bracelet Stand", "02. Bracelet Stand\02.Bracelet Stand.csproj", "{98BB0192-8E9A-43D8-87E2-CE3A381D438D}"
EndProject
Project("{9A19103F-16F7-4668-BE54-9A1E7A4F7556}") = "03.Courier Express", "03. Courier Express\03.Courier Express.csproj", "{14136A79-F332-4C68-978A-F25EB0BDCADC}"
EndProject
Project("{9A19103F-16F7-4668-BE54-9A1E7A4F7556}") = "04.Grandpa Stavri", "04. Grandpa Stavri\04.Grandpa Stavri.csproj", "{930A2E97-DA6A-49D6-804F-4C74CFE953A8}"
EndProject
Project("{9A19103F-16F7-4668-BE54-9A1E7A4F7556}") = "05.Best Player", "05. Best Player\05.Best Player.csproj", "{D7BBAF8E-898E-4905-8288-EE9358DBECEB}"
EndProject
Project("{9A19103F-16F7-4668-BE54-9A1E7A4F7556}") = "06.Unique PIN Codes", "06. Unique PIN Codes\06.Unique PIN Codes.csproj", "{1C2EEB02-ED93-4518-917A-81F294F4E26F}"
EndProject
Global
	GlobalSection(SolutionConfigurationPlatforms) = preSolution
		Debug|Any CPU = Debug|Any CPU
		Release|Any CPU = Release|Any CPU
	EndGlobalSection
	GlobalSection(ProjectConfigurationPlatforms) = postSolution
		{511615B8-5999-4510-9634-F76046DB2715}.Debug|Any CPU.ActiveCfg = Debug|Any CPU
		{511615B8-5999-4510-9634-F76046DB2715}.Debug|Any CPU.Build.0 = Debug|Any CPU
		{511615B8-5999-4510-9634-F76046DB2715}.Release|Any CPU.ActiveCfg = Release|Any CPU
		{511615B8-5999-4510-9634-F76046DB2715}.Release|Any CPU.Build.0 = Release|Any CPU
		{98BB0192-8E9A-43D8-87E2-CE3A381D438D}.Debug|Any CPU.ActiveCfg = Debug|Any CPU
		{98BB0192-8E9A-43D8-87E2-CE3A381D438D}.Debug|Any CPU.Build.0 = Debug|Any CPU
		{98BB0192-8E9A-43D8-87E2-CE3A381D438D}.Release|Any CPU.ActiveCfg = Release|Any CPU
		{98BB0192-8E9A-43D8-87E2-CE3A381D438D}.Release|Any CPU.Build.0 = Release|Any CPU
		{14136A79-F332-4C68-978A-F25EB0BDCADC}.Debug|Any CPU.ActiveCfg = Debug|Any CPU
		{14136A79-F332-4C68-978A-F25EB0BDCADC}.Debug|Any CPU.Build.0 = Debug|Any CPU
		{14136A79-F332-4C68-978A-F25EB0BDCADC}.Release|Any CPU.ActiveCfg = Release|Any CPU
		{14136A79-F332-4C68-978A-F25EB0BDCADC}.Release|Any CPU.Build.0 = Release|Any CPU
		{930A2E97-DA6A-49D6-804F-4C74CFE953A8}.Debug|Any CPU.ActiveCfg = Debug|Any CPU
		{930A2E97-DA6A-49D6-804F-4C74CFE953A8}.Debug|Any CPU.Build.0 = Debug|Any CPU
		{930A2E97-DA6A-49D6-804F-4C74CFE953A8}.Release|Any CPU.ActiveCfg = Release|Any CPU
		{930A2E97-DA6A-49D6-804F-4C74CFE953A8}.Release|Any CPU.Build.0 = Release|Any CPU
		{D7BBAF8E-898E-4905-8288-EE9358DBECEB}.Debug|Any CPU.ActiveCfg = Debug|Any CPU
		{D7BBAF8E-898E-4905-8288-EE9358DBECEB}.Debug|Any CPU.Build.0 = Debug|Any CPU
		{D7BBAF8E-898E-4905-8288-EE9358DBECEB}.Release|Any CPU.ActiveCfg = Release|Any CPU
		{D7BBAF8E-898E-4905-8288-EE9358DBECEB}.Release|Any CPU.Build.0 = Release|Any CPU
		{1C2EEB02-ED93-4518-917A-81F294F4E26F}.Debug|Any CPU.ActiveCfg = Debug|Any CPU
		{1C2EEB02-ED93-4518-917A-81F294F4E26F}.Debug|Any CPU.Build.0 = Debug|Any CPU
		{1C2EEB02-ED93-4518-917A-81F294F4E26F}.Release|Any CPU.ActiveCfg = Release|Any CPU
		{1C2EEB02-ED93-4518-917A-81F294F4E26F}.Release|Any CPU.Build.0 = Release|Any CPU
	EndGlobalSection
	GlobalSection(SolutionProperties) = preSolution
		HideSolutionNode = FALSE
	EndGlobalSection
	GlobalSection(ExtensibilityGlobals) = postSolution
		SolutionGuid = {451DCF43-0143-4F8C-ADD1-87D3F906E27B}
	EndGlobalSection
EndGlobal
